
Microsoft Visual Studio Solution File, Format Version 12.00
# Visual Studio 14
VisualStudioVersion = 14.0.24720.0
MinimumVisualStudioVersion = 10.0.40219.1
Project("{2150E333-8FDC-42A3-9474-1A3956D46DE8}") = "common", "common", "{F06E9FA6-48D3-4638-BBA4-5657A939AF94}"
EndProject
Project("{2150E333-8FDC-42A3-9474-1A3956D46DE8}") = "manager", "manager", "{1FFE6458-9A18-4D44-A1BF-4573962FE193}"
EndProject
Project("{2150E333-8FDC-42A3-9474-1A3956D46DE8}") = "testsuite", "testsuite", "{9DFE5CEC-BBED-45AC-9931-19AA090B2C88}"
EndProject
Project("{2150E333-8FDC-42A3-9474-1A3956D46DE8}") = "model", "model", "{99B395EA-4FA5-45E3-90CD-E7852E4A9B69}"
EndProject
Project("{2150E333-8FDC-42A3-9474-1A3956D46DE8}") = "api", "api", "{BAA4C447-B6B3-4526-A058-DB2317B5C3B5}"
EndProject
Project("{2150E333-8FDC-42A3-9474-1A3956D46DE8}") = "ui", "ui", "{DE6280DF-3C3E-45D2-9ACE-B19E1B1413F1}"
EndProject
Project("{FAE04EC0-301F-11D3-BF4B-00C04F79EFBC}") = "org.ahren.manager.api.model", "org.ahren.manager.api.model\org.ahren.manager.api.model.csproj", "{03BBAF99-4A9E-4E94-B7A9-D42035F9B235}"
EndProject
Project("{FAE04EC0-301F-11D3-BF4B-00C04F79EFBC}") = "org.ahren.manager.api.model.exceptions", "org.ahren.manager.api.model.exceptions\org.ahren.manager.api.model.exceptions.csproj", "{C0502713-97E2-43AF-B5C9-17DF7E53A2B9}"
EndProject
Project("{FAE04EC0-301F-11D3-BF4B-00C04F79EFBC}") = "org.ahren.manager.api.model.provider", "org.ahren.manager.api.model.provider\org.ahren.manager.api.model.provider.csproj", "{6F879D74-97E1-46F0-84BB-D05F81527C99}"
EndProject
Project("{FAE04EC0-301F-11D3-BF4B-00C04F79EFBC}") = "org.ahren.manager.api.model.search", "org.ahren.manager.api.model.search\org.ahren.manager.api.model.search.csproj", "{AAC28BA1-9A0C-491A-B36C-99ABEAAA6A3B}"
EndProject
Project("{FAE04EC0-301F-11D3-BF4B-00C04F79EFBC}") = "org.ahren.manager.api.model.utils", "org.ahren.manager.api.model.utils\org.ahren.manager.api.model.utils.csproj", "{960620F4-D137-4E75-A29A-20D6FA0B5043}"
EndProject
Project("{2150E333-8FDC-42A3-9474-1A3956D46DE8}") = "services", "services", "{C16BA297-18D1-481F-A315-ACC6398E10F3}"
EndProject
Project("{2150E333-8FDC-42A3-9474-1A3956D46DE8}") = "services-impl", "services-impl", "{8F3A81DD-EA26-40A8-B003-75CE7A2B7B77}"
EndProject
Project("{2150E333-8FDC-42A3-9474-1A3956D46DE8}") = "beans", "beans", "{85719516-5C41-40C4-9F45-2BE8EC9F7A19}"
EndProject
Project("{FAE04EC0-301F-11D3-BF4B-00C04F79EFBC}") = "org.ahren.manager.api.services", "org.repeid.manager.api.services\org.ahren.manager.api.services.csproj", "{1F2F3336-2CA0-438C-B903-D81FED8D4643}"
EndProject
Project("{FAE04EC0-301F-11D3-BF4B-00C04F79EFBC}") = "org.ahren.manager.api.services.info", "org.repeid.manager.api.services.info\org.ahren.manager.api.services.info.csproj", "{FF04063E-1707-47C7-951D-655E5BF38DFD}"
EndProject
Project("{FAE04EC0-301F-11D3-BF4B-00C04F79EFBC}") = "org.ahren.manager.api.beans.representations", "org.ahren.manager.api.beans.representations\org.ahren.manager.api.beans.representations.csproj", "{9FB7011B-C258-43E9-9064-24AF25FE2B57}"
EndProject
Project("{FAE04EC0-301F-11D3-BF4B-00C04F79EFBC}") = "org.ahren.manager.api.beans.representations.search", "org.ahren.manager.api.beans.representation.search\org.ahren.manager.api.beans.representations.search.csproj", "{E0638865-69C0-417B-A7D0-C23FD6722661}"
EndProject
Project("{FAE04EC0-301F-11D3-BF4B-00C04F79EFBC}") = "org.ahren.common.util", "org.ahren.common.util\org.ahren.common.util.csproj", "{FDF62917-D41E-4371-9095-4F71FEC8F90F}"
EndProject
Project("{FAE04EC0-301F-11D3-BF4B-00C04F79EFBC}") = "org.ahren.common.config", "org.ahren.common.config\org.ahren.common.config.csproj", "{86732D30-8307-49A6-B4C7-AE175F4EA789}"
EndProject
Project("{FAE04EC0-301F-11D3-BF4B-00C04F79EFBC}") = "org.ahren.common.testsuite", "org.ahren.common.testsuite\org.ahren.common.testsuite.csproj", "{8F3A81E5-9C18-44CD-9BF3-A718E151359B}"
EndProject
Project("{FAE04EC0-301F-11D3-BF4B-00C04F79EFBC}") = "org.ahren.manager.api.beans.representations.info", "org.ahren.manager.api.beans.representations.info\org.ahren.manager.api.beans.representations.info.csproj", "{A7F76A8B-71B5-4E2C-A6F1-A91CA74F5D30}"
EndProject
Project("{FAE04EC0-301F-11D3-BF4B-00C04F79EFBC}") = "org.ahren.manager.api.services.impl", "org.ahren.manager.api.services\org.ahren.manager.api.services.impl.csproj", "{1FAB1CFF-3CD7-4CBE-903F-38F146A0F307}"
EndProject
Project("{FAE04EC0-301F-11D3-BF4B-00C04F79EFBC}") = "org.ahren.manager.api.services.info.impl", "org.ahren.manager.api.services.info.impl\org.ahren.manager.api.services.info.impl.csproj", "{C48CE289-5ABD-4B27-A946-3D146F03B25D}"
EndProject
Project("{2150E333-8FDC-42A3-9474-1A3956D46DE8}") = "ef", "ef", "{EAA45DFA-1736-421C-98C5-166B17B5D6F2}"
EndProject
Project("{FAE04EC0-301F-11D3-BF4B-00C04F79EFBC}") = "org.ahren.manager.api.ef", "org.ahren.manager.api.ef\org.ahren.manager.api.ef.csproj", "{CC81D9DF-5A5D-4855-BB32-5A236A97A630}"
EndProject
Project("{2150E333-8FDC-42A3-9474-1A3956D46DE8}") = "web", "web", "{B9E4D3BA-13A5-4C4A-A9ED-48BA83A3D951}"
EndProject
Project("{FAE04EC0-301F-11D3-BF4B-00C04F79EFBC}") = "org.ahren.web", "org.ahren.web\org.ahren.web.csproj", "{AFE831F4-DBBB-486F-9854-32830B4E2B9D}"
EndProject
Global
	GlobalSection(SolutionConfigurationPlatforms) = preSolution
		Debug|Any CPU = Debug|Any CPU
		Release|Any CPU = Release|Any CPU
	EndGlobalSection
	GlobalSection(ProjectConfigurationPlatforms) = postSolution
		{03BBAF99-4A9E-4E94-B7A9-D42035F9B235}.Debug|Any CPU.ActiveCfg = Debug|Any CPU
		{03BBAF99-4A9E-4E94-B7A9-D42035F9B235}.Debug|Any CPU.Build.0 = Debug|Any CPU
		{03BBAF99-4A9E-4E94-B7A9-D42035F9B235}.Release|Any CPU.ActiveCfg = Release|Any CPU
		{03BBAF99-4A9E-4E94-B7A9-D42035F9B235}.Release|Any CPU.Build.0 = Release|Any CPU
		{C0502713-97E2-43AF-B5C9-17DF7E53A2B9}.Debug|Any CPU.ActiveCfg = Debug|Any CPU
		{C0502713-97E2-43AF-B5C9-17DF7E53A2B9}.Debug|Any CPU.Build.0 = Debug|Any CPU
		{C0502713-97E2-43AF-B5C9-17DF7E53A2B9}.Release|Any CPU.ActiveCfg = Release|Any CPU
		{C0502713-97E2-43AF-B5C9-17DF7E53A2B9}.Release|Any CPU.Build.0 = Release|Any CPU
		{6F879D74-97E1-46F0-84BB-D05F81527C99}.Debug|Any CPU.ActiveCfg = Debug|Any CPU
		{6F879D74-97E1-46F0-84BB-D05F81527C99}.Debug|Any CPU.Build.0 = Debug|Any CPU
		{6F879D74-97E1-46F0-84BB-D05F81527C99}.Release|Any CPU.ActiveCfg = Release|Any CPU
		{6F879D74-97E1-46F0-84BB-D05F81527C99}.Release|Any CPU.Build.0 = Release|Any CPU
		{AAC28BA1-9A0C-491A-B36C-99ABEAAA6A3B}.Debug|Any CPU.ActiveCfg = Debug|Any CPU
		{AAC28BA1-9A0C-491A-B36C-99ABEAAA6A3B}.Debug|Any CPU.Build.0 = Debug|Any CPU
		{AAC28BA1-9A0C-491A-B36C-99ABEAAA6A3B}.Release|Any CPU.ActiveCfg = Release|Any CPU
		{AAC28BA1-9A0C-491A-B36C-99ABEAAA6A3B}.Release|Any CPU.Build.0 = Release|Any CPU
		{960620F4-D137-4E75-A29A-20D6FA0B5043}.Debug|Any CPU.ActiveCfg = Debug|Any CPU
		{960620F4-D137-4E75-A29A-20D6FA0B5043}.Debug|Any CPU.Build.0 = Debug|Any CPU
		{960620F4-D137-4E75-A29A-20D6FA0B5043}.Release|Any CPU.ActiveCfg = Release|Any CPU
		{960620F4-D137-4E75-A29A-20D6FA0B5043}.Release|Any CPU.Build.0 = Release|Any CPU
		{1F2F3336-2CA0-438C-B903-D81FED8D4643}.Debug|Any CPU.ActiveCfg = Debug|Any CPU
		{1F2F3336-2CA0-438C-B903-D81FED8D4643}.Debug|Any CPU.Build.0 = Debug|Any CPU
		{1F2F3336-2CA0-438C-B903-D81FED8D4643}.Release|Any CPU.ActiveCfg = Release|Any CPU
		{1F2F3336-2CA0-438C-B903-D81FED8D4643}.Release|Any CPU.Build.0 = Release|Any CPU
		{FF04063E-1707-47C7-951D-655E5BF38DFD}.Debug|Any CPU.ActiveCfg = Debug|Any CPU
		{FF04063E-1707-47C7-951D-655E5BF38DFD}.Debug|Any CPU.Build.0 = Debug|Any CPU
		{FF04063E-1707-47C7-951D-655E5BF38DFD}.Release|Any CPU.ActiveCfg = Release|Any CPU
		{FF04063E-1707-47C7-951D-655E5BF38DFD}.Release|Any CPU.Build.0 = Release|Any CPU
		{9FB7011B-C258-43E9-9064-24AF25FE2B57}.Debug|Any CPU.ActiveCfg = Debug|Any CPU
		{9FB7011B-C258-43E9-9064-24AF25FE2B57}.Debug|Any CPU.Build.0 = Debug|Any CPU
		{9FB7011B-C258-43E9-9064-24AF25FE2B57}.Release|Any CPU.ActiveCfg = Release|Any CPU
		{9FB7011B-C258-43E9-9064-24AF25FE2B57}.Release|Any CPU.Build.0 = Release|Any CPU
		{E0638865-69C0-417B-A7D0-C23FD6722661}.Debug|Any CPU.ActiveCfg = Debug|Any CPU
		{E0638865-69C0-417B-A7D0-C23FD6722661}.Debug|Any CPU.Build.0 = Debug|Any CPU
		{E0638865-69C0-417B-A7D0-C23FD6722661}.Release|Any CPU.ActiveCfg = Release|Any CPU
		{E0638865-69C0-417B-A7D0-C23FD6722661}.Release|Any CPU.Build.0 = Release|Any CPU
		{FDF62917-D41E-4371-9095-4F71FEC8F90F}.Debug|Any CPU.ActiveCfg = Debug|Any CPU
		{FDF62917-D41E-4371-9095-4F71FEC8F90F}.Debug|Any CPU.Build.0 = Debug|Any CPU
		{FDF62917-D41E-4371-9095-4F71FEC8F90F}.Release|Any CPU.ActiveCfg = Release|Any CPU
		{FDF62917-D41E-4371-9095-4F71FEC8F90F}.Release|Any CPU.Build.0 = Release|Any CPU
		{86732D30-8307-49A6-B4C7-AE175F4EA789}.Debug|Any CPU.ActiveCfg = Debug|Any CPU
		{86732D30-8307-49A6-B4C7-AE175F4EA789}.Debug|Any CPU.Build.0 = Debug|Any CPU
		{86732D30-8307-49A6-B4C7-AE175F4EA789}.Release|Any CPU.ActiveCfg = Release|Any CPU
		{86732D30-8307-49A6-B4C7-AE175F4EA789}.Release|Any CPU.Build.0 = Release|Any CPU
		{8F3A81E5-9C18-44CD-9BF3-A718E151359B}.Debug|Any CPU.ActiveCfg = Debug|Any CPU
		{8F3A81E5-9C18-44CD-9BF3-A718E151359B}.Debug|Any CPU.Build.0 = Debug|Any CPU
		{8F3A81E5-9C18-44CD-9BF3-A718E151359B}.Release|Any CPU.ActiveCfg = Release|Any CPU
		{8F3A81E5-9C18-44CD-9BF3-A718E151359B}.Release|Any CPU.Build.0 = Release|Any CPU
		{A7F76A8B-71B5-4E2C-A6F1-A91CA74F5D30}.Debug|Any CPU.ActiveCfg = Debug|Any CPU
		{A7F76A8B-71B5-4E2C-A6F1-A91CA74F5D30}.Debug|Any CPU.Build.0 = Debug|Any CPU
		{A7F76A8B-71B5-4E2C-A6F1-A91CA74F5D30}.Release|Any CPU.ActiveCfg = Release|Any CPU
		{A7F76A8B-71B5-4E2C-A6F1-A91CA74F5D30}.Release|Any CPU.Build.0 = Release|Any CPU
		{1FAB1CFF-3CD7-4CBE-903F-38F146A0F307}.Debug|Any CPU.ActiveCfg = Debug|Any CPU
		{1FAB1CFF-3CD7-4CBE-903F-38F146A0F307}.Debug|Any CPU.Build.0 = Debug|Any CPU
		{1FAB1CFF-3CD7-4CBE-903F-38F146A0F307}.Release|Any CPU.ActiveCfg = Release|Any CPU
		{1FAB1CFF-3CD7-4CBE-903F-38F146A0F307}.Release|Any CPU.Build.0 = Release|Any CPU
		{C48CE289-5ABD-4B27-A946-3D146F03B25D}.Debug|Any CPU.ActiveCfg = Debug|Any CPU
		{C48CE289-5ABD-4B27-A946-3D146F03B25D}.Debug|Any CPU.Build.0 = Debug|Any CPU
		{C48CE289-5ABD-4B27-A946-3D146F03B25D}.Release|Any CPU.ActiveCfg = Release|Any CPU
		{C48CE289-5ABD-4B27-A946-3D146F03B25D}.Release|Any CPU.Build.0 = Release|Any CPU
		{CC81D9DF-5A5D-4855-BB32-5A236A97A630}.Debug|Any CPU.ActiveCfg = Debug|Any CPU
		{CC81D9DF-5A5D-4855-BB32-5A236A97A630}.Debug|Any CPU.Build.0 = Debug|Any CPU
		{CC81D9DF-5A5D-4855-BB32-5A236A97A630}.Release|Any CPU.ActiveCfg = Release|Any CPU
		{CC81D9DF-5A5D-4855-BB32-5A236A97A630}.Release|Any CPU.Build.0 = Release|Any CPU
		{AFE831F4-DBBB-486F-9854-32830B4E2B9D}.Debug|Any CPU.ActiveCfg = Debug|Any CPU
		{AFE831F4-DBBB-486F-9854-32830B4E2B9D}.Debug|Any CPU.Build.0 = Debug|Any CPU
		{AFE831F4-DBBB-486F-9854-32830B4E2B9D}.Release|Any CPU.ActiveCfg = Release|Any CPU
		{AFE831F4-DBBB-486F-9854-32830B4E2B9D}.Release|Any CPU.Build.0 = Release|Any CPU
	EndGlobalSection
	GlobalSection(SolutionProperties) = preSolution
		HideSolutionNode = FALSE
	EndGlobalSection
	GlobalSection(NestedProjects) = preSolution
		{99B395EA-4FA5-45E3-90CD-E7852E4A9B69} = {BAA4C447-B6B3-4526-A058-DB2317B5C3B5}
		{BAA4C447-B6B3-4526-A058-DB2317B5C3B5} = {1FFE6458-9A18-4D44-A1BF-4573962FE193}
		{DE6280DF-3C3E-45D2-9ACE-B19E1B1413F1} = {1FFE6458-9A18-4D44-A1BF-4573962FE193}
		{03BBAF99-4A9E-4E94-B7A9-D42035F9B235} = {99B395EA-4FA5-45E3-90CD-E7852E4A9B69}
		{C0502713-97E2-43AF-B5C9-17DF7E53A2B9} = {99B395EA-4FA5-45E3-90CD-E7852E4A9B69}
		{6F879D74-97E1-46F0-84BB-D05F81527C99} = {99B395EA-4FA5-45E3-90CD-E7852E4A9B69}
		{AAC28BA1-9A0C-491A-B36C-99ABEAAA6A3B} = {99B395EA-4FA5-45E3-90CD-E7852E4A9B69}
		{960620F4-D137-4E75-A29A-20D6FA0B5043} = {99B395EA-4FA5-45E3-90CD-E7852E4A9B69}
		{C16BA297-18D1-481F-A315-ACC6398E10F3} = {BAA4C447-B6B3-4526-A058-DB2317B5C3B5}
		{8F3A81DD-EA26-40A8-B003-75CE7A2B7B77} = {BAA4C447-B6B3-4526-A058-DB2317B5C3B5}
		{85719516-5C41-40C4-9F45-2BE8EC9F7A19} = {BAA4C447-B6B3-4526-A058-DB2317B5C3B5}
		{1F2F3336-2CA0-438C-B903-D81FED8D4643} = {C16BA297-18D1-481F-A315-ACC6398E10F3}
		{FF04063E-1707-47C7-951D-655E5BF38DFD} = {C16BA297-18D1-481F-A315-ACC6398E10F3}
		{9FB7011B-C258-43E9-9064-24AF25FE2B57} = {85719516-5C41-40C4-9F45-2BE8EC9F7A19}
		{E0638865-69C0-417B-A7D0-C23FD6722661} = {85719516-5C41-40C4-9F45-2BE8EC9F7A19}
		{FDF62917-D41E-4371-9095-4F71FEC8F90F} = {F06E9FA6-48D3-4638-BBA4-5657A939AF94}
		{86732D30-8307-49A6-B4C7-AE175F4EA789} = {F06E9FA6-48D3-4638-BBA4-5657A939AF94}
		{8F3A81E5-9C18-44CD-9BF3-A718E151359B} = {9DFE5CEC-BBED-45AC-9931-19AA090B2C88}
		{A7F76A8B-71B5-4E2C-A6F1-A91CA74F5D30} = {85719516-5C41-40C4-9F45-2BE8EC9F7A19}
		{1FAB1CFF-3CD7-4CBE-903F-38F146A0F307} = {8F3A81DD-EA26-40A8-B003-75CE7A2B7B77}
		{C48CE289-5ABD-4B27-A946-3D146F03B25D} = {8F3A81DD-EA26-40A8-B003-75CE7A2B7B77}
		{EAA45DFA-1736-421C-98C5-166B17B5D6F2} = {BAA4C447-B6B3-4526-A058-DB2317B5C3B5}
		{CC81D9DF-5A5D-4855-BB32-5A236A97A630} = {EAA45DFA-1736-421C-98C5-166B17B5D6F2}
		{AFE831F4-DBBB-486F-9854-32830B4E2B9D} = {B9E4D3BA-13A5-4C4A-A9ED-48BA83A3D951}
	EndGlobalSection
EndGlobal
