
Microsoft Visual Studio Solution File, Format Version 12.00
# Visual Studio 14
VisualStudioVersion = 14.0.24720.0
MinimumVisualStudioVersion = 10.0.40219.1
Project("{2150E333-8FDC-42A3-9474-1A3956D46DE8}") = "common", "common", "{F06E9FA6-48D3-4638-BBA4-5657A939AF94}"
EndProject
Project("{2150E333-8FDC-42A3-9474-1A3956D46DE8}") = "manager", "manager", "{1FFE6458-9A18-4D44-A1BF-4573962FE193}"
EndProject
Project("{2150E333-8FDC-42A3-9474-1A3956D46DE8}") = "testsuite", "testsuite", "{9DFE5CEC-BBED-45AC-9931-19AA090B2C88}"
EndProject
Project("{2150E333-8FDC-42A3-9474-1A3956D46DE8}") = "model", "model", "{99B395EA-4FA5-45E3-90CD-E7852E4A9B69}"
EndProject
Project("{2150E333-8FDC-42A3-9474-1A3956D46DE8}") = "api", "api", "{BAA4C447-B6B3-4526-A058-DB2317B5C3B5}"
EndProject
Project("{2150E333-8FDC-42A3-9474-1A3956D46DE8}") = "ui", "ui", "{DE6280DF-3C3E-45D2-9ACE-B19E1B1413F1}"
EndProject
Project("{FAE04EC0-301F-11D3-BF4B-00C04F79EFBC}") = "org.ahren.manager.api.model", "org.ahren.manager.api.model\org.ahren.manager.api.model.csproj", "{03BBAF99-4A9E-4E94-B7A9-D42035F9B235}"
EndProject
Project("{FAE04EC0-301F-11D3-BF4B-00C04F79EFBC}") = "org.ahren.manager.api.model.exceptions", "org.ahren.manager.api.model.exceptions\org.ahren.manager.api.model.exceptions.csproj", "{C0502713-97E2-43AF-B5C9-17DF7E53A2B9}"
EndProject
Project("{FAE04EC0-301F-11D3-BF4B-00C04F79EFBC}") = "org.ahren.manager.api.model.provider", "org.ahren.manager.api.model.provider\org.ahren.manager.api.model.provider.csproj", "{6F879D74-97E1-46F0-84BB-D05F81527C99}"
EndProject
Project("{FAE04EC0-301F-11D3-BF4B-00C04F79EFBC}") = "org.ahren.manager.api.model.search", "org.ahren.manager.api.model.search\org.ahren.manager.api.model.search.csproj", "{AAC28BA1-9A0C-491A-B36C-99ABEAAA6A3B}"
EndProject
Project("{FAE04EC0-301F-11D3-BF4B-00C04F79EFBC}") = "org.ahren.manager.api.model.utils", "org.ahren.manager.api.model.utils\org.ahren.manager.api.model.utils.csproj", "{960620F4-D137-4E75-A29A-20D6FA0B5043}"
EndProject
Project("{2150E333-8FDC-42A3-9474-1A3956D46DE8}") = "rest", "rest", "{C16BA297-18D1-481F-A315-ACC6398E10F3}"
EndProject
Project("{2150E333-8FDC-42A3-9474-1A3956D46DE8}") = "rest-impl", "rest-impl", "{8F3A81DD-EA26-40A8-B003-75CE7A2B7B77}"
EndProject
Project("{2150E333-8FDC-42A3-9474-1A3956D46DE8}") = "beans", "beans", "{85719516-5C41-40C4-9F45-2BE8EC9F7A19}"
EndProject
Global
	GlobalSection(SolutionConfigurationPlatforms) = preSolution
		Debug|Any CPU = Debug|Any CPU
		Release|Any CPU = Release|Any CPU
	EndGlobalSection
	GlobalSection(ProjectConfigurationPlatforms) = postSolution
		{03BBAF99-4A9E-4E94-B7A9-D42035F9B235}.Debug|Any CPU.ActiveCfg = Debug|Any CPU
		{03BBAF99-4A9E-4E94-B7A9-D42035F9B235}.Debug|Any CPU.Build.0 = Debug|Any CPU
		{03BBAF99-4A9E-4E94-B7A9-D42035F9B235}.Release|Any CPU.ActiveCfg = Release|Any CPU
		{03BBAF99-4A9E-4E94-B7A9-D42035F9B235}.Release|Any CPU.Build.0 = Release|Any CPU
		{C0502713-97E2-43AF-B5C9-17DF7E53A2B9}.Debug|Any CPU.ActiveCfg = Debug|Any CPU
		{C0502713-97E2-43AF-B5C9-17DF7E53A2B9}.Debug|Any CPU.Build.0 = Debug|Any CPU
		{C0502713-97E2-43AF-B5C9-17DF7E53A2B9}.Release|Any CPU.ActiveCfg = Release|Any CPU
		{C0502713-97E2-43AF-B5C9-17DF7E53A2B9}.Release|Any CPU.Build.0 = Release|Any CPU
		{6F879D74-97E1-46F0-84BB-D05F81527C99}.Debug|Any CPU.ActiveCfg = Debug|Any CPU
		{6F879D74-97E1-46F0-84BB-D05F81527C99}.Debug|Any CPU.Build.0 = Debug|Any CPU
		{6F879D74-97E1-46F0-84BB-D05F81527C99}.Release|Any CPU.ActiveCfg = Release|Any CPU
		{6F879D74-97E1-46F0-84BB-D05F81527C99}.Release|Any CPU.Build.0 = Release|Any CPU
		{AAC28BA1-9A0C-491A-B36C-99ABEAAA6A3B}.Debug|Any CPU.ActiveCfg = Debug|Any CPU
		{AAC28BA1-9A0C-491A-B36C-99ABEAAA6A3B}.Debug|Any CPU.Build.0 = Debug|Any CPU
		{AAC28BA1-9A0C-491A-B36C-99ABEAAA6A3B}.Release|Any CPU.ActiveCfg = Release|Any CPU
		{AAC28BA1-9A0C-491A-B36C-99ABEAAA6A3B}.Release|Any CPU.Build.0 = Release|Any CPU
		{960620F4-D137-4E75-A29A-20D6FA0B5043}.Debug|Any CPU.ActiveCfg = Debug|Any CPU
		{960620F4-D137-4E75-A29A-20D6FA0B5043}.Debug|Any CPU.Build.0 = Debug|Any CPU
		{960620F4-D137-4E75-A29A-20D6FA0B5043}.Release|Any CPU.ActiveCfg = Release|Any CPU
		{960620F4-D137-4E75-A29A-20D6FA0B5043}.Release|Any CPU.Build.0 = Release|Any CPU
	EndGlobalSection
	GlobalSection(SolutionProperties) = preSolution
		HideSolutionNode = FALSE
	EndGlobalSection
	GlobalSection(NestedProjects) = preSolution
		{99B395EA-4FA5-45E3-90CD-E7852E4A9B69} = {BAA4C447-B6B3-4526-A058-DB2317B5C3B5}
		{BAA4C447-B6B3-4526-A058-DB2317B5C3B5} = {1FFE6458-9A18-4D44-A1BF-4573962FE193}
		{DE6280DF-3C3E-45D2-9ACE-B19E1B1413F1} = {1FFE6458-9A18-4D44-A1BF-4573962FE193}
		{03BBAF99-4A9E-4E94-B7A9-D42035F9B235} = {99B395EA-4FA5-45E3-90CD-E7852E4A9B69}
		{C0502713-97E2-43AF-B5C9-17DF7E53A2B9} = {99B395EA-4FA5-45E3-90CD-E7852E4A9B69}
		{6F879D74-97E1-46F0-84BB-D05F81527C99} = {99B395EA-4FA5-45E3-90CD-E7852E4A9B69}
		{AAC28BA1-9A0C-491A-B36C-99ABEAAA6A3B} = {99B395EA-4FA5-45E3-90CD-E7852E4A9B69}
		{960620F4-D137-4E75-A29A-20D6FA0B5043} = {99B395EA-4FA5-45E3-90CD-E7852E4A9B69}
		{C16BA297-18D1-481F-A315-ACC6398E10F3} = {BAA4C447-B6B3-4526-A058-DB2317B5C3B5}
		{8F3A81DD-EA26-40A8-B003-75CE7A2B7B77} = {BAA4C447-B6B3-4526-A058-DB2317B5C3B5}
		{85719516-5C41-40C4-9F45-2BE8EC9F7A19} = {BAA4C447-B6B3-4526-A058-DB2317B5C3B5}
	EndGlobalSection
EndGlobal
